<?xml version="1.0" encoding="utf-8"?>
<Project ToolsVersion="4.0" xmlns="http://schemas.microsoft.com/developer/msbuild/2003">
  <ItemGroup>
    <Filter Include="源文件">
      <UniqueIdentifier>{4FC737F1-C7A5-4376-A066-2A32D752A2FF}</UniqueIdentifier>
      <Extensions>cpp;c;cc;cxx;c++;cppm;ixx;def;odl;idl;hpj;bat;asm;asmx</Extensions>
    </Filter>
    <Filter Include="头文件">
      <UniqueIdentifier>{93995380-89BD-4b04-88EB-625FBE52EBFB}</UniqueIdentifier>
      <Extensions>h;hh;hpp;hxx;h++;hm;inl;inc;ipp;xsd</Extensions>
    </Filter>
    <Filter Include="资源文件">
      <UniqueIdentifier>{67DA6AB6-F800-4c08-8B7A-83BB121AAD01}</UniqueIdentifier>
      <Extensions>rc;ico;cur;bmp;dlg;rc2;rct;bin;rgs;gif;jpg;jpeg;jpe;resx;tiff;tif;png;wav;mfcribbon-ms</Extensions>
    </Filter>
    <Filter Include="源文件\Arr">
      <UniqueIdentifier>{a693836e-fe98-4176-b069-0561fe9ece46}</UniqueIdentifier>
    </Filter>
    <Filter Include="源文件\Pointer">
      <UniqueIdentifier>{4d3e8c5a-6274-42ee-af82-21bd5fdf9520}</UniqueIdentifier>
    </Filter>
    <Filter Include="源文件\Arr\Work">
      <UniqueIdentifier>{3ad75a11-6fb5-4850-bd4d-700dd9fda769}</UniqueIdentifier>
    </Filter>
  </ItemGroup>
  <ItemGroup>
    <ClCompile Include="Work_01.cpp">
      <Filter>源文件\Arr\Work</Filter>
    </ClCompile>
    <ClCompile Include="Work_02.cpp">
      <Filter>源文件\Arr\Work</Filter>
    </ClCompile>
    <ClCompile Include="Work_03.cpp">
      <Filter>源文件\Arr\Work</Filter>
    </ClCompile>
    <ClCompile Include="Work_04.cpp">
      <Filter>源文件\Arr\Work</Filter>
    </ClCompile>
    <ClCompile Include="Arr_01.cpp">
      <Filter>源文件\Arr</Filter>
    </ClCompile>
    <ClCompile Include="Arr_02.cpp">
      <Filter>源文件\Arr</Filter>
    </ClCompile>
    <ClCompile Include="Arr_03.cpp">
      <Filter>源文件\Arr</Filter>
    </ClCompile>
    <ClCompile Include="Work_05.cpp">
      <Filter>源文件\Arr\Work</Filter>
    </ClCompile>
    <ClCompile Include="Arr_04.cpp">
      <Filter>源文件\Arr</Filter>
    </ClCompile>
    <ClCompile Include="Arr_05.cpp">
      <Filter>源文件\Arr</Filter>
    </ClCompile>
    <ClCompile Include="Arr_06.cpp">
      <Filter>源文件\Arr</Filter>
    </ClCompile>
    <ClCompile Include="Arr_07.cpp">
      <Filter>源文件\Arr</Filter>
    </ClCompile>
    <ClCompile Include="Arr_08.cpp">
      <Filter>源文件\Arr</Filter>
    </ClCompile>
    <ClCompile Include="Arr_09.cpp">
      <Filter>源文件\Arr</Filter>
    </ClCompile>
    <ClCompile Include="Pointer_01.cpp">
      <Filter>源文件\Pointer</Filter>
    </ClCompile>
    <ClCompile Include="Pointer_02.cpp">
      <Filter>源文件\Pointer</Filter>
    </ClCompile>
    <ClCompile Include="Pointer_03.cpp">
      <Filter>源文件\Pointer</Filter>
    </ClCompile>
    <ClCompile Include="Pointer_04.cpp">
      <Filter>源文件\Pointer</Filter>
    </ClCompile>
    <ClCompile Include="Pointer_05.cpp">
      <Filter>源文件\Pointer</Filter>
    </ClCompile>
    <ClCompile Include="Pointer_06.cpp">
      <Filter>源文件\Pointer</Filter>
    </ClCompile>
    <ClCompile Include="Pointer_07.cpp">
      <Filter>源文件\Pointer</Filter>
    </ClCompile>
    <ClCompile Include="Pointer_08.cpp">
      <Filter>源文件\Pointer</Filter>
    </ClCompile>
    <ClCompile Include="Pointer_09.cpp">
      <Filter>源文件\Pointer</Filter>
    </ClCompile>
    <ClCompile Include="Pointer_10.cpp">
      <Filter>源文件\Pointer</Filter>
    </ClCompile>
    <ClCompile Include="Pointer_11.cpp">
      <Filter>源文件\Pointer</Filter>
    </ClCompile>
    <ClCompile Include="Pointer_12.cpp">
      <Filter>源文件\Pointer</Filter>
    </ClCompile>
    <ClCompile Include="Pointer_13.cpp">
      <Filter>源文件\Pointer</Filter>
    </ClCompile>
    <ClCompile Include="Pointer_14.cpp">
      <Filter>源文件\Pointer</Filter>
    </ClCompile>
    <ClCompile Include="Pointer_15.cpp">
      <Filter>源文件\Pointer</Filter>
    </ClCompile>
    <ClCompile Include="Pointer_16.cpp">
      <Filter>源文件\Pointer</Filter>
    </ClCompile>
    <ClCompile Include="Pointer_17.cpp">
      <Filter>源文件\Pointer</Filter>
    </ClCompile>
  </ItemGroup>
</Project>